
Microsoft Visual Studio Solution File, Format Version 12.00
# Visual Studio Version 17
VisualStudioVersion = 17.9.34622.214
MinimumVisualStudioVersion = 10.0.40219.1
Project("{8BC9CEB8-8B4A-11D0-8D11-00A0C91BC942}") = "C Practice", "C Practice\C Practice.vcxproj", "{2E0D91D2-3552-4C29-B80C-CD0D2FEDC8B8}"
EndProject
Global
	GlobalSection(SolutionConfigurationPlatforms) = preSolution
		Debug|x64 = Debug|x64
		Debug|x86 = Debug|x86
		Release|x64 = Release|x64
		Release|x86 = Release|x86
	EndGlobalSection
	GlobalSection(ProjectConfigurationPlatforms) = postSolution
		{2E0D91D2-3552-4C29-B80C-CD0D2FEDC8B8}.Debug|x64.ActiveCfg = Debug|x64
		{2E0D91D2-3552-4C29-B80C-CD0D2FEDC8B8}.Debug|x64.Build.0 = Debug|x64
		{2E0D91D2-3552-4C29-B80C-CD0D2FEDC8B8}.Debug|x86.ActiveCfg = Debug|Win32
		{2E0D91D2-3552-4C29-B80C-CD0D2FEDC8B8}.Debug|x86.Build.0 = Debug|Win32
		{2E0D91D2-3552-4C29-B80C-CD0D2FEDC8B8}.Release|x64.ActiveCfg = Release|x64
		{2E0D91D2-3552-4C29-B80C-CD0D2FEDC8B8}.Release|x64.Build.0 = Release|x64
		{2E0D91D2-3552-4C29-B80C-CD0D2FEDC8B8}.Release|x86.ActiveCfg = Release|Win32
		{2E0D91D2-3552-4C29-B80C-CD0D2FEDC8B8}.Release|x86.Build.0 = Release|Win32
	EndGlobalSection
	GlobalSection(SolutionProperties) = preSolution
		HideSolutionNode = FALSE
	EndGlobalSection
	GlobalSection(ExtensibilityGlobals) = postSolution
		SolutionGuid = {8088E901-5CF2-451F-927E-343BDD4314CE}
	EndGlobalSection
EndGlobal
